
Microsoft Visual Studio Solution File, Format Version 12.00
Project("{FAE04EC0-301F-11D3-BF4B-00C04F79EFBC}") = "ArithmeticOperation", "ArithmeticOperation\ArithmeticOperation.csproj", "{4156ED3C-7AB1-4EAD-BC4A-565C83DD69BD}"
EndProject
Project("{FAE04EC0-301F-11D3-BF4B-00C04F79EFBC}") = "ArithmeticOperationTests", "ArithmeticOperationTests\ArithmeticOperationTests.csproj", "{5D17A15F-66A5-4E8D-9378-EFD94AE78358}"
EndProject
Global
	GlobalSection(SolutionConfigurationPlatforms) = preSolution
		Debug|Any CPU = Debug|Any CPU
		Release|Any CPU = Release|Any CPU
	EndGlobalSection
	GlobalSection(ProjectConfigurationPlatforms) = postSolution
		{4156ED3C-7AB1-4EAD-BC4A-565C83DD69BD}.Debug|Any CPU.ActiveCfg = Debug|Any CPU
		{4156ED3C-7AB1-4EAD-BC4A-565C83DD69BD}.Debug|Any CPU.Build.0 = Debug|Any CPU
		{4156ED3C-7AB1-4EAD-BC4A-565C83DD69BD}.Release|Any CPU.ActiveCfg = Release|Any CPU
		{4156ED3C-7AB1-4EAD-BC4A-565C83DD69BD}.Release|Any CPU.Build.0 = Release|Any CPU
		{5D17A15F-66A5-4E8D-9378-EFD94AE78358}.Debug|Any CPU.ActiveCfg = Debug|Any CPU
		{5D17A15F-66A5-4E8D-9378-EFD94AE78358}.Debug|Any CPU.Build.0 = Debug|Any CPU
		{5D17A15F-66A5-4E8D-9378-EFD94AE78358}.Release|Any CPU.ActiveCfg = Release|Any CPU
		{5D17A15F-66A5-4E8D-9378-EFD94AE78358}.Release|Any CPU.Build.0 = Release|Any CPU
	EndGlobalSection
EndGlobal
